{
  "version": "5",
  "specifiers": {
    "jsr:@okudai/golikejs@0.5.2": "0.5.2",
    "jsr:@okudai/golikejs@~0.5.2": "0.5.2",
    "jsr:@okudai/moq@0.4.0": "0.4.0",
    "jsr:@std/assert@1": "1.0.15",
    "jsr:@std/assert@^1.0.15": "1.0.15",
    "jsr:@std/internal@^1.0.12": "1.0.12",
    "jsr:@std/testing@1": "1.0.16"
  },
  "jsr": {
    "@okudai/golikejs@0.5.2": {
      "integrity": "ffce4168072ccbd8cf274e1278f16a8c175f517c636e426878a9085bfd17d06b"
    },
    "@okudai/moq@0.4.0": {
      "integrity": "d0dc5757f0baa9fe83736a94b4b528e4e9b9a764b1b7e31bc5999e1546daa097",
      "dependencies": [
        "jsr:@okudai/golikejs@~0.5.2"
      ]
    },
    "@std/assert@1.0.15": {
      "integrity": "d64018e951dbdfab9777335ecdb000c0b4e3df036984083be219ce5941e4703b",
      "dependencies": [
        "jsr:@std/internal"
      ]
    },
    "@std/internal@1.0.12": {
      "integrity": "972a634fd5bc34b242024402972cd5143eac68d8dffaca5eaa4dba30ce17b027"
    },
    "@std/testing@1.0.16": {
      "integrity": "a917ffdeb5924c9be436dc78bc32e511760e14d3a96e49c607fc5ecca86d0092",
      "dependencies": [
        "jsr:@std/assert@^1.0.15"
      ]
    }
  },
  "remote": {
    "https://esm.sh/zod@3.23.8": "15e60c792ac21d4818f181671c7c74bf33bf7526d487dc524911e42785d8b5c2",
    "https://esm.sh/zod@3.23.8/denonext/zod.mjs": "0776ff1b85cde578a80a14b7921d72dbf17ba4de827f5ddf9c3423d7ab8562cf"
  },
  "workspace": {
    "dependencies": [
      "jsr:@okudai/golikejs@~0.5.2",
      "jsr:@okudai/moq@0.4",
      "jsr:@std/assert@1",
      "jsr:@std/path@1",
      "jsr:@std/testing@1"
    ]
  }
}
